
Microsoft Visual Studio Solution File, Format Version 12.00
# Visual Studio 14
VisualStudioVersion = 14.0.25420.1
MinimumVisualStudioVersion = 10.0.40219.1
Project("{FAE04EC0-301F-11D3-BF4B-00C04F79EFBC}") = "GeoWeb1", "GeoWeb1\GeoWeb1.csproj", "{DD7D79FE-B314-4047-9119-7E264517DB96}"
EndProject
Project("{FAE04EC0-301F-11D3-BF4B-00C04F79EFBC}") = "GeoWeb1.Tests", "GeoWeb1.Tests\GeoWeb1.Tests.csproj", "{39D2AD76-5BB0-4BFE-AC49-B96F4598A3FE}"
EndProject
Global
	GlobalSection(SolutionConfigurationPlatforms) = preSolution
		Debug|Any CPU = Debug|Any CPU
		Release|Any CPU = Release|Any CPU
	EndGlobalSection
	GlobalSection(ProjectConfigurationPlatforms) = postSolution
		{DD7D79FE-B314-4047-9119-7E264517DB96}.Debug|Any CPU.ActiveCfg = Debug|Any CPU
		{DD7D79FE-B314-4047-9119-7E264517DB96}.Debug|Any CPU.Build.0 = Debug|Any CPU
		{DD7D79FE-B314-4047-9119-7E264517DB96}.Release|Any CPU.ActiveCfg = Release|Any CPU
		{DD7D79FE-B314-4047-9119-7E264517DB96}.Release|Any CPU.Build.0 = Release|Any CPU
		{39D2AD76-5BB0-4BFE-AC49-B96F4598A3FE}.Debug|Any CPU.ActiveCfg = Debug|Any CPU
		{39D2AD76-5BB0-4BFE-AC49-B96F4598A3FE}.Debug|Any CPU.Build.0 = Debug|Any CPU
		{39D2AD76-5BB0-4BFE-AC49-B96F4598A3FE}.Release|Any CPU.ActiveCfg = Release|Any CPU
		{39D2AD76-5BB0-4BFE-AC49-B96F4598A3FE}.Release|Any CPU.Build.0 = Release|Any CPU
	EndGlobalSection
	GlobalSection(SolutionProperties) = preSolution
		HideSolutionNode = FALSE
	EndGlobalSection
EndGlobal
